PODS:
  - MBFaker (0.1.3)
  - WPFaker (0.0.5):
    - MBFaker (= 0.1.3)
  - WPObjectMapper (0.0.2)

DEPENDENCIES:
  - WPFaker (~> 0.0.5)
  - WPObjectMapper (from `..`)

EXTERNAL SOURCES:
  WPObjectMapper:
    :path: ..

SPEC CHECKSUMS:
  MBFaker: 4b73b5f9587b55ec30ba0a76174e9c7ab0936533
  WPFaker: 47a69a4c3b9405ee4225e5a0a4c282be39b064fc
  WPObjectMapper: f7c732f355b4d135c3388eba23986c48f5a7e9aa

COCOAPODS: 0.35.0
