// !$*UTF8*$!
{
	archiveVersion = 1;
	classes = {
	};
	objectVersion = 46;
	objects = {

/* Begin PBXBuildFile section */
		11CD5EB317AA96BF00CF3BDD /* GPOperation.m in Sources */ = {isa = PBXBuildFile; fileRef = 11CD5EB217AA96BF00CF3BDD /* GPOperation.m */; };
		40E75F6E1796E88E00AEC295 /* UIKit.framework in Frameworks */ = {isa = PBXBuildFile; fileRef = 40E75F6D1796E88E00AEC295 /* UIKit.framework */; };
		40E75F701796E88E00AEC295 /* Foundation.framework in Frameworks */ = {isa = PBXBuildFile; fileRef = 40E75F6F1796E88E00AEC295 /* Foundation.framework */; };
		40E75F721796E88E00AEC295 /* CoreGraphics.framework in Frameworks */ = {isa = PBXBuildFile; fileRef = 40E75F711796E88E00AEC295 /* CoreGraphics.framework */; };
		40E75F781796E88E00AEC295 /* InfoPlist.strings in Resources */ = {isa = PBXBuildFile; fileRef = 40E75F761796E88E00AEC295 /* InfoPlist.strings */; };
		40E75F7A1796E88E00AEC295 /* main.m in Sources */ = {isa = PBXBuildFile; fileRef = 40E75F791796E88E00AEC295 /* main.m */; };
		40E75F7E1796E88E00AEC295 /* AppDelegate.m in Sources */ = {isa = PBXBuildFile; fileRef = 40E75F7D1796E88E00AEC295 /* AppDelegate.m */; };
		40E75F801796E88E00AEC295 /* Default.png in Resources */ = {isa = PBXBuildFile; fileRef = 40E75F7F1796E88E00AEC295 /* Default.png */; };
		40E75F821796E88E00AEC295 /* Default@2x.png in Resources */ = {isa = PBXBuildFile; fileRef = 40E75F811796E88E00AEC295 /* Default@2x.png */; };
		40E75F841796E88E00AEC295 /* Default-568h@2x.png in Resources */ = {isa = PBXBuildFile; fileRef = 40E75F831796E88E00AEC295 /* Default-568h@2x.png */; };
		40E75F871796E88F00AEC295 /* ViewController.m in Sources */ = {isa = PBXBuildFile; fileRef = 40E75F861796E88F00AEC295 /* ViewController.m */; };
		40E75F8A1796E88F00AEC295 /* ViewController.xib in Resources */ = {isa = PBXBuildFile; fileRef = 40E75F881796E88F00AEC295 /* ViewController.xib */; };
		40E75FAF1796E8F400AEC295 /* GooglePlacesResponse.m in Sources */ = {isa = PBXBuildFile; fileRef = 40E75F961796E8F400AEC295 /* GooglePlacesResponse.m */; };
		40E75FB01796E8F400AEC295 /* GooglePlace.m in Sources */ = {isa = PBXBuildFile; fileRef = 40E75F981796E8F400AEC295 /* GooglePlace.m */; };
		40E75FB11796E8F400AEC295 /* GoogleGeometry.m in Sources */ = {isa = PBXBuildFile; fileRef = 40E75F9A1796E8F400AEC295 /* GoogleGeometry.m */; };
		40E75FB21796E8F400AEC295 /* GoogleLocation.m in Sources */ = {isa = PBXBuildFile; fileRef = 40E75F9C1796E8F400AEC295 /* GoogleLocation.m */; };
		40E75FB31796E8F400AEC295 /* GoogleViewport.m in Sources */ = {isa = PBXBuildFile; fileRef = 40E75F9E1796E8F400AEC295 /* GoogleViewport.m */; };
		40E75FB41796E8F400AEC295 /* GoogleViewportBound.m in Sources */ = {isa = PBXBuildFile; fileRef = 40E75FA01796E8F400AEC295 /* GoogleViewportBound.m */; };
		40E75FB51796E8F400AEC295 /* GooglePhoto.m in Sources */ = {isa = PBXBuildFile; fileRef = 40E75FA21796E8F400AEC295 /* GooglePhoto.m */; };
		40E75FB61796E8F400AEC295 /* GoogleOpeningHours.m in Sources */ = {isa = PBXBuildFile; fileRef = 40E75FA41796E8F400AEC295 /* GoogleOpeningHours.m */; };
		40E75FB71796E8F400AEC295 /* GooglePlaceDetailsResponse.m in Sources */ = {isa = PBXBuildFile; fileRef = 40E75FA61796E8F400AEC295 /* GooglePlaceDetailsResponse.m */; };
		40E75FB81796E8F400AEC295 /* GooglePlaceDetails.m in Sources */ = {isa = PBXBuildFile; fileRef = 40E75FA81796E8F400AEC295 /* GooglePlaceDetails.m */; };
		40E75FB91796E8F400AEC295 /* GoogleAddressComponent.m in Sources */ = {isa = PBXBuildFile; fileRef = 40E75FAA1796E8F400AEC295 /* GoogleAddressComponent.m */; };
		40E75FBA1796E8F400AEC295 /* GoogleReview.m in Sources */ = {isa = PBXBuildFile; fileRef = 40E75FAC1796E8F400AEC295 /* GoogleReview.m */; };
		40E75FBB1796E8F400AEC295 /* GoogleReviewAspect.m in Sources */ = {isa = PBXBuildFile; fileRef = 40E75FAE1796E8F400AEC295 /* GoogleReviewAspect.m */; };
		40E75FBE1796E90100AEC295 /* GooglePlacesWebservice.m in Sources */ = {isa = PBXBuildFile; fileRef = 40E75FBD1796E90100AEC295 /* GooglePlacesWebservice.m */; };
		40E75FC01796EBC500AEC295 /* SearchIcon.png in Resources */ = {isa = PBXBuildFile; fileRef = 40E75FBF1796EBC500AEC295 /* SearchIcon.png */; };
		40E75FC41796EFDC00AEC295 /* MapPin.png in Resources */ = {isa = PBXBuildFile; fileRef = 40E75FC21796EFDC00AEC295 /* MapPin.png */; };
		40E75FCA1796F26500AEC295 /* MapAnnotation.m in Sources */ = {isa = PBXBuildFile; fileRef = 40E75FC91796F26500AEC295 /* MapAnnotation.m */; };
		40E75FCC17970BCE00AEC295 /* MapKit.framework in Frameworks */ = {isa = PBXBuildFile; fileRef = 40E75FCB17970BCE00AEC295 /* MapKit.framework */; };
		40E75FCE17970D7D00AEC295 /* MapPin@2x.png in Resources */ = {isa = PBXBuildFile; fileRef = 40E75FCD17970D7D00AEC295 /* MapPin@2x.png */; };
		40E75FD7179710C100AEC295 /* CoreLocation.framework in Frameworks */ = {isa = PBXBuildFile; fileRef = 40E75FD6179710C100AEC295 /* CoreLocation.framework */; };
		B6F7E06A18C61F9500EBD65F /* NSObject+ObjectMap.m in Sources */ = {isa = PBXBuildFile; fileRef = B6F7E06918C61F9500EBD65F /* NSObject+ObjectMap.m */; };
/* End PBXBuildFile section */

/* Begin PBXFileReference section */
		11CD5EB117AA96BF00CF3BDD /* GPOperation.h */ = {isa = PBXFileReference; fileEncoding = 4; lastKnownFileType = sourcecode.c.h; path = GPOperation.h; sourceTree = "<group>"; };
		11CD5EB217AA96BF00CF3BDD /* GPOperation.m */ = {isa = PBXFileReference; fileEncoding = 4; lastKnownFileType = sourcecode.c.objc; path = GPOperation.m; sourceTree = "<group>"; };
		40E75F6A1796E88E00AEC295 /* GooglePlacesDemo.app */ = {isa = PBXFileReference; explicitFileType = wrapper.application; includeInIndex = 0; path = GooglePlacesDemo.app; sourceTree = BUILT_PRODUCTS_DIR; };
		40E75F6D1796E88E00AEC295 /* UIKit.framework */ = {isa = PBXFileReference; lastKnownFileType = wrapper.framework; name = UIKit.framework; path = System/Library/Frameworks/UIKit.framework; sourceTree = SDKROOT; };
		40E75F6F1796E88E00AEC295 /* Foundation.framework */ = {isa = PBXFileReference; lastKnownFileType = wrapper.framework; name = Foundation.framework; path = System/Library/Frameworks/Foundation.framework; sourceTree = SDKROOT; };
		40E75F711796E88E00AEC295 /* CoreGraphics.framework */ = {isa = PBXFileReference; lastKnownFileType = wrapper.framework; name = CoreGraphics.framework; path = System/Library/Frameworks/CoreGraphics.framework; sourceTree = SDKROOT; };
		40E75F751796E88E00AEC295 /* GooglePlacesDemo-Info.plist */ = {isa = PBXFileReference; lastKnownFileType = text.plist.xml; path = "GooglePlacesDemo-Info.plist"; sourceTree = "<group>"; };
		40E75F771796E88E00AEC295 /* en */ = {isa = PBXFileReference; lastKnownFileType = text.plist.strings; name = en; path = en.lproj/InfoPlist.strings; sourceTree = "<group>"; };
		40E75F791796E88E00AEC295 /* main.m */ = {isa = PBXFileReference; lastKnownFileType = sourcecode.c.objc; path = main.m; sourceTree = "<group>"; };
		40E75F7B1796E88E00AEC295 /* GooglePlacesDemo-Prefix.pch */ = {isa = PBXFileReference; lastKnownFileType = sourcecode.c.h; path = "GooglePlacesDemo-Prefix.pch"; sourceTree = "<group>"; };
		40E75F7C1796E88E00AEC295 /* AppDelegate.h */ = {isa = PBXFileReference; lastKnownFileType = sourcecode.c.h; path = AppDelegate.h; sourceTree = "<group>"; };
		40E75F7D1796E88E00AEC295 /* AppDelegate.m */ = {isa = PBXFileReference; lastKnownFileType = sourcecode.c.objc; path = AppDelegate.m; sourceTree = "<group>"; };
		40E75F7F1796E88E00AEC295 /* Default.png */ = {isa = PBXFileReference; lastKnownFileType = image.png; path = Default.png; sourceTree = "<group>"; };
		40E75F811796E88E00AEC295 /* Default@2x.png */ = {isa = PBXFileReference; lastKnownFileType = image.png; path = "Default@2x.png"; sourceTree = "<group>"; };
		40E75F831796E88E00AEC295 /* Default-568h@2x.png */ = {isa = PBXFileReference; lastKnownFileType = image.png; path = "Default-568h@2x.png"; sourceTree = "<group>"; };
		40E75F851796E88E00AEC295 /* ViewController.h */ = {isa = PBXFileReference; lastKnownFileType = sourcecode.c.h; path = ViewController.h; sourceTree = "<group>"; };
		40E75F861796E88F00AEC295 /* ViewController.m */ = {isa = PBXFileReference; lastKnownFileType = sourcecode.c.objc; path = ViewController.m; sourceTree = "<group>"; };
		40E75F891796E88F00AEC295 /* en */ = {isa = PBXFileReference; lastKnownFileType = file.xib; name = en; path = en.lproj/ViewController.xib; sourceTree = "<group>"; };
		40E75F951796E8F400AEC295 /* GooglePlacesResponse.h */ = {isa = PBXFileReference; fileEncoding = 4; lastKnownFileType = sourcecode.c.h; path = GooglePlacesResponse.h; sourceTree = "<group>"; };
		40E75F961796E8F400AEC295 /* GooglePlacesResponse.m */ = {isa = PBXFileReference; fileEncoding = 4; lastKnownFileType = sourcecode.c.objc; path = GooglePlacesResponse.m; sourceTree = "<group>"; };
		40E75F971796E8F400AEC295 /* GooglePlace.h */ = {isa = PBXFileReference; fileEncoding = 4; lastKnownFileType = sourcecode.c.h; path = GooglePlace.h; sourceTree = "<group>"; };
		40E75F981796E8F400AEC295 /* GooglePlace.m */ = {isa = PBXFileReference; fileEncoding = 4; lastKnownFileType = sourcecode.c.objc; path = GooglePlace.m; sourceTree = "<group>"; };
		40E75F991796E8F400AEC295 /* GoogleGeometry.h */ = {isa = PBXFileReference; fileEncoding = 4; lastKnownFileType = sourcecode.c.h; path = GoogleGeometry.h; sourceTree = "<group>"; };
		40E75F9A1796E8F400AEC295 /* GoogleGeometry.m */ = {isa = PBXFileReference; fileEncoding = 4; lastKnownFileType = sourcecode.c.objc; path = GoogleGeometry.m; sourceTree = "<group>"; };
		40E75F9B1796E8F400AEC295 /* GoogleLocation.h */ = {isa = PBXFileReference; fileEncoding = 4; lastKnownFileType = sourcecode.c.h; path = GoogleLocation.h; sourceTree = "<group>"; };
		40E75F9C1796E8F400AEC295 /* GoogleLocation.m */ = {isa = PBXFileReference; fileEncoding = 4; lastKnownFileType = sourcecode.c.objc; path = GoogleLocation.m; sourceTree = "<group>"; };
		40E75F9D1796E8F400AEC295 /* GoogleViewport.h */ = {isa = PBXFileReference; fileEncoding = 4; lastKnownFileType = sourcecode.c.h; path = GoogleViewport.h; sourceTree = "<group>"; };
		40E75F9E1796E8F400AEC295 /* GoogleViewport.m */ = {isa = PBXFileReference; fileEncoding = 4; lastKnownFileType = sourcecode.c.objc; path = GoogleViewport.m; sourceTree = "<group>"; };
		40E75F9F1796E8F400AEC295 /* GoogleViewportBound.h */ = {isa = PBXFileReference; fileEncoding = 4; lastKnownFileType = sourcecode.c.h; path = GoogleViewportBound.h; sourceTree = "<group>"; };
		40E75FA01796E8F400AEC295 /* GoogleViewportBound.m */ = {isa = PBXFileReference; fileEncoding = 4; lastKnownFileType = sourcecode.c.objc; path = GoogleViewportBound.m; sourceTree = "<group>"; };
		40E75FA11796E8F400AEC295 /* GooglePhoto.h */ = {isa = PBXFileReference; fileEncoding = 4; lastKnownFileType = sourcecode.c.h; path = GooglePhoto.h; sourceTree = "<group>"; };
		40E75FA21796E8F400AEC295 /* GooglePhoto.m */ = {isa = PBXFileReference; fileEncoding = 4; lastKnownFileType = sourcecode.c.objc; path = GooglePhoto.m; sourceTree = "<group>"; };
		40E75FA31796E8F400AEC295 /* GoogleOpeningHours.h */ = {isa = PBXFileReference; fileEncoding = 4; lastKnownFileType = sourcecode.c.h; path = GoogleOpeningHours.h; sourceTree = "<group>"; };
		40E75FA41796E8F400AEC295 /* GoogleOpeningHours.m */ = {isa = PBXFileReference; fileEncoding = 4; lastKnownFileType = sourcecode.c.objc; path = GoogleOpeningHours.m; sourceTree = "<group>"; };
		40E75FA51796E8F400AEC295 /* GooglePlaceDetailsResponse.h */ = {isa = PBXFileReference; fileEncoding = 4; lastKnownFileType = sourcecode.c.h; path = GooglePlaceDetailsResponse.h; sourceTree = "<group>"; };
		40E75FA61796E8F400AEC295 /* GooglePlaceDetailsResponse.m */ = {isa = PBXFileReference; fileEncoding = 4; lastKnownFileType = sourcecode.c.objc; path = GooglePlaceDetailsResponse.m; sourceTree = "<group>"; };
		40E75FA71796E8F400AEC295 /* GooglePlaceDetails.h */ = {isa = PBXFileReference; fileEncoding = 4; lastKnownFileType = sourcecode.c.h; path = GooglePlaceDetails.h; sourceTree = "<group>"; };
		40E75FA81796E8F400AEC295 /* GooglePlaceDetails.m */ = {isa = PBXFileReference; fileEncoding = 4; lastKnownFileType = sourcecode.c.objc; path = GooglePlaceDetails.m; sourceTree = "<group>"; };
		40E75FA91796E8F400AEC295 /* GoogleAddressComponent.h */ = {isa = PBXFileReference; fileEncoding = 4; lastKnownFileType = sourcecode.c.h; path = GoogleAddressComponent.h; sourceTree = "<group>"; };
		40E75FAA1796E8F400AEC295 /* GoogleAddressComponent.m */ = {isa = PBXFileReference; fileEncoding = 4; lastKnownFileType = sourcecode.c.objc; path = GoogleAddressComponent.m; sourceTree = "<group>"; };
		40E75FAB1796E8F400AEC295 /* GoogleReview.h */ = {isa = PBXFileReference; fileEncoding = 4; lastKnownFileType = sourcecode.c.h; path = GoogleReview.h; sourceTree = "<group>"; };
		40E75FAC1796E8F400AEC295 /* GoogleReview.m */ = {isa = PBXFileReference; fileEncoding = 4; lastKnownFileType = sourcecode.c.objc; path = GoogleReview.m; sourceTree = "<group>"; };
		40E75FAD1796E8F400AEC295 /* GoogleReviewAspect.h */ = {isa = PBXFileReference; fileEncoding = 4; lastKnownFileType = sourcecode.c.h; path = GoogleReviewAspect.h; sourceTree = "<group>"; };
		40E75FAE1796E8F400AEC295 /* GoogleReviewAspect.m */ = {isa = PBXFileReference; fileEncoding = 4; lastKnownFileType = sourcecode.c.objc; path = GoogleReviewAspect.m; sourceTree = "<group>"; };
		40E75FBC1796E90100AEC295 /* GooglePlacesWebservice.h */ = {isa = PBXFileReference; fileEncoding = 4; lastKnownFileType = sourcecode.c.h; path = GooglePlacesWebservice.h; sourceTree = "<group>"; };
		40E75FBD1796E90100AEC295 /* GooglePlacesWebservice.m */ = {isa = PBXFileReference; fileEncoding = 4; lastKnownFileType = sourcecode.c.objc; path = GooglePlacesWebservice.m; sourceTree = "<group>"; };
		40E75FBF1796EBC500AEC295 /* SearchIcon.png */ = {isa = PBXFileReference; lastKnownFileType = image.png; path = SearchIcon.png; sourceTree = "<group>"; };
		40E75FC21796EFDC00AEC295 /* MapPin.png */ = {isa = PBXFileReference; lastKnownFileType = image.png; path = MapPin.png; sourceTree = "<group>"; };
		40E75FC81796F26500AEC295 /* MapAnnotation.h */ = {isa = PBXFileReference; fileEncoding = 4; lastKnownFileType = sourcecode.c.h; path = MapAnnotation.h; sourceTree = "<group>"; };
		40E75FC91796F26500AEC295 /* MapAnnotation.m */ = {isa = PBXFileReference; fileEncoding = 4; lastKnownFileType = sourcecode.c.objc; path = MapAnnotation.m; sourceTree = "<group>"; };
		40E75FCB17970BCE00AEC295 /* MapKit.framework */ = {isa = PBXFileReference; lastKnownFileType = wrapper.framework; name = MapKit.framework; path = System/Library/Frameworks/MapKit.framework; sourceTree = SDKROOT; };
		40E75FCD17970D7D00AEC295 /* MapPin@2x.png */ = {isa = PBXFileReference; lastKnownFileType = image.png; path = "MapPin@2x.png"; sourceTree = "<group>"; };
		40E75FD6179710C100AEC295 /* CoreLocation.framework */ = {isa = PBXFileReference; lastKnownFileType = wrapper.framework; name = CoreLocation.framework; path = System/Library/Frameworks/CoreLocation.framework; sourceTree = SDKROOT; };
		B6F7E06818C61F9500EBD65F /* NSObject+ObjectMap.h */ = {isa = PBXFileReference; fileEncoding = 4; lastKnownFileType = sourcecode.c.h; name = "NSObject+ObjectMap.h"; path = "../../../NSObject-ObjectMap/NSObject+ObjectMap.h"; sourceTree = "<group>"; };
		B6F7E06918C61F9500EBD65F /* NSObject+ObjectMap.m */ = {isa = PBXFileReference; fileEncoding = 4; lastKnownFileType = sourcecode.c.objc; name = "NSObject+ObjectMap.m"; path = "../../../NSObject-ObjectMap/NSObject+ObjectMap.m"; sourceTree = "<group>"; };
/* End PBXFileReference section */

/* Begin PBXFrameworksBuildPhase section */
		40E75F671796E88E00AEC295 /* Frameworks */ = {
			isa = PBXFrameworksBuildPhase;
			buildActionMask = 2147483647;
			files = (
				40E75FD7179710C100AEC295 /* CoreLocation.framework in Frameworks */,
				40E75FCC17970BCE00AEC295 /* MapKit.framework in Frameworks */,
				40E75F6E1796E88E00AEC295 /* UIKit.framework in Frameworks */,
				40E75F701796E88E00AEC295 /* Foundation.framework in Frameworks */,
				40E75F721796E88E00AEC295 /* CoreGraphics.framework in Frameworks */,
			);
			runOnlyForDeploymentPostprocessing = 0;
		};
/* End PBXFrameworksBuildPhase section */

/* Begin PBXGroup section */
		40E75F611796E88E00AEC295 = {
			isa = PBXGroup;
			children = (
				40E75FD6179710C100AEC295 /* CoreLocation.framework */,
				40E75FCB17970BCE00AEC295 /* MapKit.framework */,
				40E75F731796E88E00AEC295 /* GooglePlacesDemo */,
				40E75F6C1796E88E00AEC295 /* Frameworks */,
				40E75F6B1796E88E00AEC295 /* Products */,
			);
			sourceTree = "<group>";
		};
		40E75F6B1796E88E00AEC295 /* Products */ = {
			isa = PBXGroup;
			children = (
				40E75F6A1796E88E00AEC295 /* GooglePlacesDemo.app */,
			);
			name = Products;
			sourceTree = "<group>";
		};
		40E75F6C1796E88E00AEC295 /* Frameworks */ = {
			isa = PBXGroup;
			children = (
				40E75F6D1796E88E00AEC295 /* UIKit.framework */,
				40E75F6F1796E88E00AEC295 /* Foundation.framework */,
				40E75F711796E88E00AEC295 /* CoreGraphics.framework */,
			);
			name = Frameworks;
			sourceTree = "<group>";
		};
		40E75F731796E88E00AEC295 /* GooglePlacesDemo */ = {
			isa = PBXGroup;
			children = (
				B6F7E06818C61F9500EBD65F /* NSObject+ObjectMap.h */,
				B6F7E06918C61F9500EBD65F /* NSObject+ObjectMap.m */,
				40E75F931796E8C500AEC295 /* Google Places */,
				40E75F7C1796E88E00AEC295 /* AppDelegate.h */,
				40E75F7D1796E88E00AEC295 /* AppDelegate.m */,
				40E75F851796E88E00AEC295 /* ViewController.h */,
				40E75F861796E88F00AEC295 /* ViewController.m */,
				40E75F881796E88F00AEC295 /* ViewController.xib */,
				40E75FC81796F26500AEC295 /* MapAnnotation.h */,
				40E75FC91796F26500AEC295 /* MapAnnotation.m */,
				40E75F741796E88E00AEC295 /* Supporting Files */,
			);
			path = GooglePlacesDemo;
			sourceTree = "<group>";
		};
		40E75F741796E88E00AEC295 /* Supporting Files */ = {
			isa = PBXGroup;
			children = (
				40E75FCD17970D7D00AEC295 /* MapPin@2x.png */,
				40E75FC21796EFDC00AEC295 /* MapPin.png */,
				40E75FBF1796EBC500AEC295 /* SearchIcon.png */,
				40E75F751796E88E00AEC295 /* GooglePlacesDemo-Info.plist */,
				40E75F761796E88E00AEC295 /* InfoPlist.strings */,
				40E75F791796E88E00AEC295 /* main.m */,
				40E75F7B1796E88E00AEC295 /* GooglePlacesDemo-Prefix.pch */,
				40E75F7F1796E88E00AEC295 /* Default.png */,
				40E75F811796E88E00AEC295 /* Default@2x.png */,
				40E75F831796E88E00AEC295 /* Default-568h@2x.png */,
			);
			name = "Supporting Files";
			sourceTree = "<group>";
		};
		40E75F931796E8C500AEC295 /* Google Places */ = {
			isa = PBXGroup;
			children = (
				40E75FBC1796E90100AEC295 /* GooglePlacesWebservice.h */,
				40E75FBD1796E90100AEC295 /* GooglePlacesWebservice.m */,
				11CD5EB117AA96BF00CF3BDD /* GPOperation.h */,
				11CD5EB217AA96BF00CF3BDD /* GPOperation.m */,
				40E75F941796E8CD00AEC295 /* Dtos */,
			);
			name = "Google Places";
			sourceTree = "<group>";
		};
		40E75F941796E8CD00AEC295 /* Dtos */ = {
			isa = PBXGroup;
			children = (
				40E75F951796E8F400AEC295 /* GooglePlacesResponse.h */,
				40E75F961796E8F400AEC295 /* GooglePlacesResponse.m */,
				40E75F971796E8F400AEC295 /* GooglePlace.h */,
				40E75F981796E8F400AEC295 /* GooglePlace.m */,
				40E75F991796E8F400AEC295 /* GoogleGeometry.h */,
				40E75F9A1796E8F400AEC295 /* GoogleGeometry.m */,
				40E75F9B1796E8F400AEC295 /* GoogleLocation.h */,
				40E75F9C1796E8F400AEC295 /* GoogleLocation.m */,
				40E75F9D1796E8F400AEC295 /* GoogleViewport.h */,
				40E75F9E1796E8F400AEC295 /* GoogleViewport.m */,
				40E75F9F1796E8F400AEC295 /* GoogleViewportBound.h */,
				40E75FA01796E8F400AEC295 /* GoogleViewportBound.m */,
				40E75FA11796E8F400AEC295 /* GooglePhoto.h */,
				40E75FA21796E8F400AEC295 /* GooglePhoto.m */,
				40E75FA31796E8F400AEC295 /* GoogleOpeningHours.h */,
				40E75FA41796E8F400AEC295 /* GoogleOpeningHours.m */,
				40E75FA51796E8F400AEC295 /* GooglePlaceDetailsResponse.h */,
				40E75FA61796E8F400AEC295 /* GooglePlaceDetailsResponse.m */,
				40E75FA71796E8F400AEC295 /* GooglePlaceDetails.h */,
				40E75FA81796E8F400AEC295 /* GooglePlaceDetails.m */,
				40E75FA91796E8F400AEC295 /* GoogleAddressComponent.h */,
				40E75FAA1796E8F400AEC295 /* GoogleAddressComponent.m */,
				40E75FAB1796E8F400AEC295 /* GoogleReview.h */,
				40E75FAC1796E8F400AEC295 /* GoogleReview.m */,
				40E75FAD1796E8F400AEC295 /* GoogleReviewAspect.h */,
				40E75FAE1796E8F400AEC295 /* GoogleReviewAspect.m */,
			);
			name = Dtos;
			sourceTree = "<group>";
		};
/* End PBXGroup section */

/* Begin PBXNativeTarget section */
		40E75F691796E88E00AEC295 /* GooglePlacesDemo */ = {
			isa = PBXNativeTarget;
			buildConfigurationList = 40E75F901796E88F00AEC295 /* Build configuration list for PBXNativeTarget "GooglePlacesDemo" */;
			buildPhases = (
				40E75F661796E88E00AEC295 /* Sources */,
				40E75F671796E88E00AEC295 /* Frameworks */,
				40E75F681796E88E00AEC295 /* Resources */,
			);
			buildRules = (
			);
			dependencies = (
			);
			name = GooglePlacesDemo;
			productName = GooglePlacesDemo;
			productReference = 40E75F6A1796E88E00AEC295 /* GooglePlacesDemo.app */;
			productType = "com.apple.product-type.application";
		};
/* End PBXNativeTarget section */

/* Begin PBXProject section */
		40E75F621796E88E00AEC295 /* Project object */ = {
			isa = PBXProject;
			attributes = {
				LastUpgradeCheck = 0460;
				ORGANIZATIONNAME = "Matt York";
			};
			buildConfigurationList = 40E75F651796E88E00AEC295 /* Build configuration list for PBXProject "GooglePlacesDemo" */;
			compatibilityVersion = "Xcode 3.2";
			developmentRegion = English;
			hasScannedForEncodings = 0;
			knownRegions = (
				en,
			);
			mainGroup = 40E75F611796E88E00AEC295;
			productRefGroup = 40E75F6B1796E88E00AEC295 /* Products */;
			projectDirPath = "";
			projectRoot = "";
			targets = (
				40E75F691796E88E00AEC295 /* GooglePlacesDemo */,
			);
		};
/* End PBXProject section */

/* Begin PBXResourcesBuildPhase section */
		40E75F681796E88E00AEC295 /* Resources */ = {
			isa = PBXResourcesBuildPhase;
			buildActionMask = 2147483647;
			files = (
				40E75F781796E88E00AEC295 /* InfoPlist.strings in Resources */,
				40E75F801796E88E00AEC295 /* Default.png in Resources */,
				40E75F821796E88E00AEC295 /* Default@2x.png in Resources */,
				40E75F841796E88E00AEC295 /* Default-568h@2x.png in Resources */,
				40E75F8A1796E88F00AEC295 /* ViewController.xib in Resources */,
				40E75FC01796EBC500AEC295 /* SearchIcon.png in Resources */,
				40E75FC41796EFDC00AEC295 /* MapPin.png in Resources */,
				40E75FCE17970D7D00AEC295 /* MapPin@2x.png in Resources */,
			);
			runOnlyForDeploymentPostprocessing = 0;
		};
/* End PBXResourcesBuildPhase section */

/* Begin PBXSourcesBuildPhase section */
		40E75F661796E88E00AEC295 /* Sources */ = {
			isa = PBXSourcesBuildPhase;
			buildActionMask = 2147483647;
			files = (
				40E75F7A1796E88E00AEC295 /* main.m in Sources */,
				40E75F7E1796E88E00AEC295 /* AppDelegate.m in Sources */,
				40E75F871796E88F00AEC295 /* ViewController.m in Sources */,
				40E75FAF1796E8F400AEC295 /* GooglePlacesResponse.m in Sources */,
				40E75FB01796E8F400AEC295 /* GooglePlace.m in Sources */,
				40E75FB11796E8F400AEC295 /* GoogleGeometry.m in Sources */,
				40E75FB21796E8F400AEC295 /* GoogleLocation.m in Sources */,
				40E75FB31796E8F400AEC295 /* GoogleViewport.m in Sources */,
				40E75FB41796E8F400AEC295 /* GoogleViewportBound.m in Sources */,
				40E75FB51796E8F400AEC295 /* GooglePhoto.m in Sources */,
				40E75FB61796E8F400AEC295 /* GoogleOpeningHours.m in Sources */,
				40E75FB71796E8F400AEC295 /* GooglePlaceDetailsResponse.m in Sources */,
				40E75FB81796E8F400AEC295 /* GooglePlaceDetails.m in Sources */,
				40E75FB91796E8F400AEC295 /* GoogleAddressComponent.m in Sources */,
				40E75FBA1796E8F400AEC295 /* GoogleReview.m in Sources */,
				B6F7E06A18C61F9500EBD65F /* NSObject+ObjectMap.m in Sources */,
				40E75FBB1796E8F400AEC295 /* GoogleReviewAspect.m in Sources */,
				40E75FBE1796E90100AEC295 /* GooglePlacesWebservice.m in Sources */,
				40E75FCA1796F26500AEC295 /* MapAnnotation.m in Sources */,
				11CD5EB317AA96BF00CF3BDD /* GPOperation.m in Sources */,
			);
			runOnlyForDeploymentPostprocessing = 0;
		};
/* End PBXSourcesBuildPhase section */

/* Begin PBXVariantGroup section */
		40E75F761796E88E00AEC295 /* InfoPlist.strings */ = {
			isa = PBXVariantGroup;
			children = (
				40E75F771796E88E00AEC295 /* en */,
			);
			name = InfoPlist.strings;
			sourceTree = "<group>";
		};
		40E75F881796E88F00AEC295 /* ViewController.xib */ = {
			isa = PBXVariantGroup;
			children = (
				40E75F891796E88F00AEC295 /* en */,
			);
			name = ViewController.xib;
			sourceTree = "<group>";
		};
/* End PBXVariantGroup section */

/* Begin XCBuildConfiguration section */
		40E75F8E1796E88F00AEC295 /* Debug */ = {
			isa = XCBuildConfiguration;
			buildSettings = {
				ALWAYS_SEARCH_USER_PATHS = NO;
				CLANG_CXX_LANGUAGE_STANDARD = "gnu++0x";
				CLANG_CXX_LIBRARY = "libc++";
				CLANG_ENABLE_OBJC_ARC = YES;
				CLANG_WARN_CONSTANT_CONVERSION = YES;
				CLANG_WARN_EMPTY_BODY = YES;
				CLANG_WARN_ENUM_CONVERSION = YES;
				CLANG_WARN_INT_CONVERSION = YES;
				CLANG_WARN__DUPLICATE_METHOD_MATCH = YES;
				"CODE_SIGN_IDENTITY[sdk=iphoneos*]" = "iPhone Developer";
				COPY_PHASE_STRIP = NO;
				GCC_C_LANGUAGE_STANDARD = gnu99;
				GCC_DYNAMIC_NO_PIC = NO;
				GCC_OPTIMIZATION_LEVEL = 0;
				GCC_PREPROCESSOR_DEFINITIONS = (
					"DEBUG=1",
					"$(inherited)",
				);
				GCC_SYMBOLS_PRIVATE_EXTERN = NO;
				GCC_WARN_ABOUT_RETURN_TYPE = YES;
				GCC_WARN_UNINITIALIZED_AUTOS = YES;
				GCC_WARN_UNUSED_VARIABLE = YES;
				IPHONEOS_DEPLOYMENT_TARGET = 6.1;
				ONLY_ACTIVE_ARCH = YES;
				SDKROOT = iphoneos;
				TARGETED_DEVICE_FAMILY = "1,2";
			};
			name = Debug;
		};
		40E75F8F1796E88F00AEC295 /* Release */ = {
			isa = XCBuildConfiguration;
			buildSettings = {
				ALWAYS_SEARCH_USER_PATHS = NO;
				CLANG_CXX_LANGUAGE_STANDARD = "gnu++0x";
				CLANG_CXX_LIBRARY = "libc++";
				CLANG_ENABLE_OBJC_ARC = YES;
				CLANG_WARN_CONSTANT_CONVERSION = YES;
				CLANG_WARN_EMPTY_BODY = YES;
				CLANG_WARN_ENUM_CONVERSION = YES;
				CLANG_WARN_INT_CONVERSION = YES;
				CLANG_WARN__DUPLICATE_METHOD_MATCH = YES;
				"CODE_SIGN_IDENTITY[sdk=iphoneos*]" = "iPhone Developer";
				COPY_PHASE_STRIP = YES;
				GCC_C_LANGUAGE_STANDARD = gnu99;
				GCC_WARN_ABOUT_RETURN_TYPE = YES;
				GCC_WARN_UNINITIALIZED_AUTOS = YES;
				GCC_WARN_UNUSED_VARIABLE = YES;
				IPHONEOS_DEPLOYMENT_TARGET = 6.1;
				OTHER_CFLAGS = "-DNS_BLOCK_ASSERTIONS=1";
				SDKROOT = iphoneos;
				TARGETED_DEVICE_FAMILY = "1,2";
				VALIDATE_PRODUCT = YES;
			};
			name = Release;
		};
		40E75F911796E88F00AEC295 /* Debug */ = {
			isa = XCBuildConfiguration;
			buildSettings = {
				GCC_PRECOMPILE_PREFIX_HEADER = YES;
				GCC_PREFIX_HEADER = "GooglePlacesDemo/GooglePlacesDemo-Prefix.pch";
				INFOPLIST_FILE = "GooglePlacesDemo/GooglePlacesDemo-Info.plist";
				PRODUCT_NAME = "$(TARGET_NAME)";
				WRAPPER_EXTENSION = app;
			};
			name = Debug;
		};
		40E75F921796E88F00AEC295 /* Release */ = {
			isa = XCBuildConfiguration;
			buildSettings = {
				GCC_PRECOMPILE_PREFIX_HEADER = YES;
				GCC_PREFIX_HEADER = "GooglePlacesDemo/GooglePlacesDemo-Prefix.pch";
				INFOPLIST_FILE = "GooglePlacesDemo/GooglePlacesDemo-Info.plist";
				PRODUCT_NAME = "$(TARGET_NAME)";
				WRAPPER_EXTENSION = app;
			};
			name = Release;
		};
/* End XCBuildConfiguration section */

/* Begin XCConfigurationList section */
		40E75F651796E88E00AEC295 /* Build configuration list for PBXProject "GooglePlacesDemo" */ = {
			isa = XCConfigurationList;
			buildConfigurations = (
				40E75F8E1796E88F00AEC295 /* Debug */,
				40E75F8F1796E88F00AEC295 /* Release */,
			);
			defaultConfigurationIsVisible = 0;
			defaultConfigurationName = Release;
		};
		40E75F901796E88F00AEC295 /* Build configuration list for PBXNativeTarget "GooglePlacesDemo" */ = {
			isa = XCConfigurationList;
			buildConfigurations = (
				40E75F911796E88F00AEC295 /* Debug */,
				40E75F921796E88F00AEC295 /* Release */,
			);
			defaultConfigurationIsVisible = 0;
			defaultConfigurationName = Release;
		};
/* End XCConfigurationList section */
	};
	rootObject = 40E75F621796E88E00AEC295 /* Project object */;
}
